lockfileVersion: '9.0'

settings:
  autoInstallPeers: true
  excludeLinksFromLockfile: false

importers:
  .: {}
  apps/api: {}
  apps/mcp-server: {}
  apps/web: {}
  packages/cli:
    dependencies:
      '@ai-skills-hub/core':
        specifier: workspace:*
        version: link:../core
      '@ai-skills-hub/installer':
        specifier: workspace:*
        version: link:../installer
  packages/core: {}
  packages/installer: {}
  packages/licenses: {}
  packages/security: {}
